// !$*UTF8*$!
{
	archiveVersion = 1;
	classes = {
	};
	objectVersion = 55;
	objects = {

/* Begin PBXBuildFile section */
		C40B6410286CA0FC0091352F /* ResultsPresenterTest.swift in Sources */ = {isa = PBXBuildFile; fileRef = C40B640F286CA0FC0091352F /* ResultsPresenterTest.swift */; };
		C42ED5FA28647EBF00E0F04F /* AppDelegate.swift in Sources */ = {isa = PBXBuildFile; fileRef = C42ED5F928647EBF00E0F04F /* AppDelegate.swift */; };
		C42ED60328647EC100E0F04F /* Assets.xcassets in Resources */ = {isa = PBXBuildFile; fileRef = C42ED60228647EC100E0F04F /* Assets.xcassets */; };
		C42ED60628647EC100E0F04F /* LaunchScreen.storyboard in Resources */ = {isa = PBXBuildFile; fileRef = C42ED60428647EC100E0F04F /* LaunchScreen.storyboard */; };
		C42ED61B28647EC100E0F04F /* QuizAppUITests.swift in Sources */ = {isa = PBXBuildFile; fileRef = C42ED61A28647EC100E0F04F /* QuizAppUITests.swift */; };
		C455AEF22869F107000D4C64 /* QuestionViewControllerTest.swift in Sources */ = {isa = PBXBuildFile; fileRef = C455AEF12869F107000D4C64 /* QuestionViewControllerTest.swift */; };
		C455AEF42869F176000D4C64 /* QuestionViewController.swift in Sources */ = {isa = PBXBuildFile; fileRef = C455AEF32869F176000D4C64 /* QuestionViewController.swift */; };
		C455AEF62869F1EB000D4C64 /* QuestionViewController.xib in Resources */ = {isa = PBXBuildFile; fileRef = C455AEF52869F1EB000D4C64 /* QuestionViewController.xib */; };
		C455AEF8286AEC91000D4C64 /* SceneDelegate.swift in Sources */ = {isa = PBXBuildFile; fileRef = C455AEF7286AEC91000D4C64 /* SceneDelegate.swift */; };
		C455AEFA286AF0B1000D4C64 /* ResultsViewControllerTest.swift in Sources */ = {isa = PBXBuildFile; fileRef = C455AEF9286AF0B1000D4C64 /* ResultsViewControllerTest.swift */; };
		C455AEFC286AF123000D4C64 /* ResultsViewController.swift in Sources */ = {isa = PBXBuildFile; fileRef = C455AEFB286AF123000D4C64 /* ResultsViewController.swift */; };
		C455AEFE286AF159000D4C64 /* ResultsViewController.xib in Resources */ = {isa = PBXBuildFile; fileRef = C455AEFD286AF159000D4C64 /* ResultsViewController.xib */; };
		C455AF00286B03F0000D4C64 /* TableViewHelpers.swift in Sources */ = {isa = PBXBuildFile; fileRef = C455AEFF286B03F0000D4C64 /* TableViewHelpers.swift */; };
		C455AF03286B0667000D4C64 /* CorrectAnswerCell.swift in Sources */ = {isa = PBXBuildFile; fileRef = C455AF01286B0667000D4C64 /* CorrectAnswerCell.swift */; };
		C455AF04286B0667000D4C64 /* CorrectAnswerCell.xib in Resources */ = {isa = PBXBuildFile; fileRef = C455AF02286B0667000D4C64 /* CorrectAnswerCell.xib */; };
		C455AF07286B08EB000D4C64 /* WrongAnswerCell.swift in Sources */ = {isa = PBXBuildFile; fileRef = C455AF05286B08EB000D4C64 /* WrongAnswerCell.swift */; };
		C455AF08286B08EB000D4C64 /* WrongAnswerCell.xib in Resources */ = {isa = PBXBuildFile; fileRef = C455AF06286B08EB000D4C64 /* WrongAnswerCell.xib */; };
		C455AF0A286B0D08000D4C64 /* UITableViewExtension.swift in Sources */ = {isa = PBXBuildFile; fileRef = C455AF09286B0D08000D4C64 /* UITableViewExtension.swift */; };
		C455AF0C286B0D4C000D4C64 /* PresentableAnswer.swift in Sources */ = {isa = PBXBuildFile; fileRef = C455AF0B286B0D4C000D4C64 /* PresentableAnswer.swift */; };
		C48A6C73287078CB00347F82 /* QuestionPresenterTests.swift in Sources */ = {isa = PBXBuildFile; fileRef = C48A6C72287078CB00347F82 /* QuestionPresenterTests.swift */; };
		C48A6C752870792300347F82 /* QuestionPresenter.swift in Sources */ = {isa = PBXBuildFile; fileRef = C48A6C742870792300347F82 /* QuestionPresenter.swift */; };
		C4F29BAE286C5EDA004AE81A /* QuizEngine.framework in Frameworks */ = {isa = PBXBuildFile; fileRef = C4F29BAD286C5EDA004AE81A /* QuizEngine.framework */; };
		C4F29BAF286C5EDA004AE81A /* QuizEngine.framework in Embed Frameworks */ = {isa = PBXBuildFile; fileRef = C4F29BAD286C5EDA004AE81A /* QuizEngine.framework */; settings = {ATTRIBUTES = (CodeSignOnCopy, RemoveHeadersOnCopy, ); }; };
		C4F29BB9286C5F26004AE81A /* NavigationControllerRouterTests.swift in Sources */ = {isa = PBXBuildFile; fileRef = C4F29BB8286C5F25004AE81A /* NavigationControllerRouterTests.swift */; };
		C4F29BBB286C5F9B004AE81A /* NavigationControllerRouter.swift in Sources */ = {isa = PBXBuildFile; fileRef = C4F29BBA286C5F9B004AE81A /* NavigationControllerRouter.swift */; };
		C4F29BBD286C7712004AE81A /* QuestionTest.swift in Sources */ = {isa = PBXBuildFile; fileRef = C4F29BBC286C7712004AE81A /* QuestionTest.swift */; };
		C4F29BBF286C7DA9004AE81A /* Question.swift in Sources */ = {isa = PBXBuildFile; fileRef = C4F29BBE286C7DA9004AE81A /* Question.swift */; };
		C4F29BC1286C85AC004AE81A /* ViewControllerFactory.swift in Sources */ = {isa = PBXBuildFile; fileRef = C4F29BC0286C85AC004AE81A /* ViewControllerFactory.swift */; };
		C4F29BC3286C85CA004AE81A /* iOSViewControllerFactory.swift in Sources */ = {isa = PBXBuildFile; fileRef = C4F29BC2286C85CA004AE81A /* iOSViewControllerFactory.swift */; };
		C4F29BC5286C8621004AE81A /* iOSViewControllerFactory.swift in Sources */ = {isa = PBXBuildFile; fileRef = C4F29BC4286C8621004AE81A /* iOSViewControllerFactory.swift */; };
		C4F29BC9286C9C10004AE81A /* ResultsHelper.swift in Sources */ = {isa = PBXBuildFile; fileRef = C4F29BC8286C9C10004AE81A /* ResultsHelper.swift */; };
		C4F29BCB286C9C7E004AE81A /* ResultsPresenter.swift in Sources */ = {isa = PBXBuildFile; fileRef = C4F29BCA286C9C7E004AE81A /* ResultsPresenter.swift */; };
/* End PBXBuildFile section */

/* Begin PBXContainerItemProxy section */
		C42ED60D28647EC100E0F04F /* PBXContainerItemProxy */ = {
			isa = PBXContainerItemProxy;
			containerPortal = C42ED5EE28647EBF00E0F04F /* Project object */;
			proxyType = 1;
			remoteGlobalIDString = C42ED5F528647EBF00E0F04F;
			remoteInfo = QuizApp;
		};
		C42ED61728647EC100E0F04F /* PBXContainerItemProxy */ = {
			isa = PBXContainerItemProxy;
			containerPortal = C42ED5EE28647EBF00E0F04F /* Project object */;
			proxyType = 1;
			remoteGlobalIDString = C42ED5F528647EBF00E0F04F;
			remoteInfo = QuizApp;
		};
/* End PBXContainerItemProxy section */

/* Begin PBXCopyFilesBuildPhase section */
		C4F29BB0286C5EDA004AE81A /* Embed Frameworks */ = {
			isa = PBXCopyFilesBuildPhase;
			buildActionMask = 2147483647;
			dstPath = "";
			dstSubfolderSpec = 10;
			files = (
				C4F29BAF286C5EDA004AE81A /* QuizEngine.framework in Embed Frameworks */,
			);
			name = "Embed Frameworks";
			runOnlyForDeploymentPostprocessing = 0;
		};
/* End PBXCopyFilesBuildPhase section */

/* Begin PBXFileReference section */
		C40B640F286CA0FC0091352F /* ResultsPresenterTest.swift */ = {isa = PBXFileReference; lastKnownFileType = sourcecode.swift; path = ResultsPresenterTest.swift; sourceTree = "<group>"; };
		C42ED5F628647EBF00E0F04F /* QuizApp.app */ = {isa = PBXFileReference; explicitFileType = wrapper.application; includeInIndex = 0; path = QuizApp.app; sourceTree = BUILT_PRODUCTS_DIR; };
		C42ED5F928647EBF00E0F04F /* AppDelegate.swift */ = {isa = PBXFileReference; lastKnownFileType = sourcecode.swift; path = AppDelegate.swift; sourceTree = "<group>"; };
		C42ED60228647EC100E0F04F /* Assets.xcassets */ = {isa = PBXFileReference; lastKnownFileType = folder.assetcatalog; path = Assets.xcassets; sourceTree = "<group>"; };
		C42ED60528647EC100E0F04F /* Base */ = {isa = PBXFileReference; lastKnownFileType = file.storyboard; name = Base; path = Base.lproj/LaunchScreen.storyboard; sourceTree = "<group>"; };
		C42ED60728647EC100E0F04F /* Info.plist */ = {isa = PBXFileReference; lastKnownFileType = text.plist.xml; path = Info.plist; sourceTree = "<group>"; };
		C42ED60C28647EC100E0F04F /* QuizAppTests.xctest */ = {isa = PBXFileReference; explicitFileType = wrapper.cfbundle; includeInIndex = 0; path = QuizAppTests.xctest; sourceTree = BUILT_PRODUCTS_DIR; };
		C42ED61628647EC100E0F04F /* QuizAppUITests.xctest */ = {isa = PBXFileReference; explicitFileType = wrapper.cfbundle; includeInIndex = 0; path = QuizAppUITests.xctest; sourceTree = BUILT_PRODUCTS_DIR; };
		C42ED61A28647EC100E0F04F /* QuizAppUITests.swift */ = {isa = PBXFileReference; lastKnownFileType = sourcecode.swift; path = QuizAppUITests.swift; sourceTree = "<group>"; };
		C455AEF12869F107000D4C64 /* QuestionViewControllerTest.swift */ = {isa = PBXFileReference; lastKnownFileType = sourcecode.swift; path = QuestionViewControllerTest.swift; sourceTree = "<group>"; };
		C455AEF32869F176000D4C64 /* QuestionViewController.swift */ = {isa = PBXFileReference; lastKnownFileType = sourcecode.swift; path = QuestionViewController.swift; sourceTree = "<group>"; };
		C455AEF52869F1EB000D4C64 /* QuestionViewController.xib */ = {isa = PBXFileReference; lastKnownFileType = file.xib; path = QuestionViewController.xib; sourceTree = "<group>"; };
		C455AEF7286AEC91000D4C64 /* SceneDelegate.swift */ = {isa = PBXFileReference; lastKnownFileType = sourcecode.swift; path = SceneDelegate.swift; sourceTree = "<group>"; };
		C455AEF9286AF0B1000D4C64 /* ResultsViewControllerTest.swift */ = {isa = PBXFileReference; lastKnownFileType = sourcecode.swift; path = ResultsViewControllerTest.swift; sourceTree = "<group>"; };
		C455AEFB286AF123000D4C64 /* ResultsViewController.swift */ = {isa = PBXFileReference; lastKnownFileType = sourcecode.swift; path = ResultsViewController.swift; sourceTree = "<group>"; };
		C455AEFD286AF159000D4C64 /* ResultsViewController.xib */ = {isa = PBXFileReference; lastKnownFileType = file.xib; path = ResultsViewController.xib; sourceTree = "<group>"; };
		C455AEFF286B03F0000D4C64 /* TableViewHelpers.swift */ = {isa = PBXFileReference; lastKnownFileType = sourcecode.swift; path = TableViewHelpers.swift; sourceTree = "<group>"; };
		C455AF01286B0667000D4C64 /* CorrectAnswerCell.swift */ = {isa = PBXFileReference; lastKnownFileType = sourcecode.swift; path = CorrectAnswerCell.swift; sourceTree = "<group>"; };
		C455AF02286B0667000D4C64 /* CorrectAnswerCell.xib */ = {isa = PBXFileReference; lastKnownFileType = file.xib; path = CorrectAnswerCell.xib; sourceTree = "<group>"; };
		C455AF05286B08EB000D4C64 /* WrongAnswerCell.swift */ = {isa = PBXFileReference; lastKnownFileType = sourcecode.swift; path = WrongAnswerCell.swift; sourceTree = "<group>"; };
		C455AF06286B08EB000D4C64 /* WrongAnswerCell.xib */ = {isa = PBXFileReference; lastKnownFileType = file.xib; path = WrongAnswerCell.xib; sourceTree = "<group>"; };
		C455AF09286B0D08000D4C64 /* UITableViewExtension.swift */ = {isa = PBXFileReference; lastKnownFileType = sourcecode.swift; path = UITableViewExtension.swift; sourceTree = "<group>"; };
		C455AF0B286B0D4C000D4C64 /* PresentableAnswer.swift */ = {isa = PBXFileReference; lastKnownFileType = sourcecode.swift; path = PresentableAnswer.swift; sourceTree = "<group>"; };
		C48A6C72287078CB00347F82 /* QuestionPresenterTests.swift */ = {isa = PBXFileReference; lastKnownFileType = sourcecode.swift; path = QuestionPresenterTests.swift; sourceTree = "<group>"; };
		C48A6C742870792300347F82 /* QuestionPresenter.swift */ = {isa = PBXFileReference; lastKnownFileType = sourcecode.swift; path = QuestionPresenter.swift; sourceTree = "<group>"; };
		C4F29BAD286C5EDA004AE81A /* QuizEngine.framework */ = {isa = PBXFileReference; explicitFileType = wrapper.framework; path = QuizEngine.framework; sourceTree = BUILT_PRODUCTS_DIR; };
		C4F29BB8286C5F25004AE81A /* NavigationControllerRouterTests.swift */ = {isa = PBXFileReference; lastKnownFileType = sourcecode.swift; path = NavigationControllerRouterTests.swift; sourceTree = "<group>"; };
		C4F29BBA286C5F9B004AE81A /* NavigationControllerRouter.swift */ = {isa = PBXFileReference; lastKnownFileType = sourcecode.swift; path = NavigationControllerRouter.swift; sourceTree = "<group>"; };
		C4F29BBC286C7712004AE81A /* QuestionTest.swift */ = {isa = PBXFileReference; lastKnownFileType = sourcecode.swift; path = QuestionTest.swift; sourceTree = "<group>"; };
		C4F29BBE286C7DA9004AE81A /* Question.swift */ = {isa = PBXFileReference; lastKnownFileType = sourcecode.swift; path = Question.swift; sourceTree = "<group>"; };
		C4F29BC0286C85AC004AE81A /* ViewControllerFactory.swift */ = {isa = PBXFileReference; lastKnownFileType = sourcecode.swift; path = ViewControllerFactory.swift; sourceTree = "<group>"; };
		C4F29BC2286C85CA004AE81A /* iOSViewControllerFactory.swift */ = {isa = PBXFileReference; lastKnownFileType = sourcecode.swift; path = iOSViewControllerFactory.swift; sourceTree = "<group>"; };
		C4F29BC4286C8621004AE81A /* iOSViewControllerFactory.swift */ = {isa = PBXFileReference; lastKnownFileType = sourcecode.swift; path = iOSViewControllerFactory.swift; sourceTree = "<group>"; };
		C4F29BC8286C9C10004AE81A /* ResultsHelper.swift */ = {isa = PBXFileReference; lastKnownFileType = sourcecode.swift; path = ResultsHelper.swift; sourceTree = "<group>"; };
		C4F29BCA286C9C7E004AE81A /* ResultsPresenter.swift */ = {isa = PBXFileReference; lastKnownFileType = sourcecode.swift; path = ResultsPresenter.swift; sourceTree = "<group>"; };
/* End PBXFileReference section */

/* Begin PBXFrameworksBuildPhase section */
		C42ED5F328647EBF00E0F04F /* Frameworks */ = {
			isa = PBXFrameworksBuildPhase;
			buildActionMask = 2147483647;
			files = (
				C4F29BAE286C5EDA004AE81A /* QuizEngine.framework in Frameworks */,
			);
			runOnlyForDeploymentPostprocessing = 0;
		};
		C42ED60928647EC100E0F04F /* Frameworks */ = {
			isa = PBXFrameworksBuildPhase;
			buildActionMask = 2147483647;
			files = (
			);
			runOnlyForDeploymentPostprocessing = 0;
		};
		C42ED61328647EC100E0F04F /* Frameworks */ = {
			isa = PBXFrameworksBuildPhase;
			buildActionMask = 2147483647;
			files = (
			);
			runOnlyForDeploymentPostprocessing = 0;
		};
/* End PBXFrameworksBuildPhase section */

/* Begin PBXGroup section */
		C42ED5ED28647EBF00E0F04F = {
			isa = PBXGroup;
			children = (
				C42ED5F828647EBF00E0F04F /* QuizApp */,
				C42ED60F28647EC100E0F04F /* QuizAppTests */,
				C42ED61928647EC100E0F04F /* QuizAppUITests */,
				C42ED5F728647EBF00E0F04F /* Products */,
				C4F29BAC286C5EDA004AE81A /* Frameworks */,
			);
			sourceTree = "<group>";
		};
		C42ED5F728647EBF00E0F04F /* Products */ = {
			isa = PBXGroup;
			children = (
				C42ED5F628647EBF00E0F04F /* QuizApp.app */,
				C42ED60C28647EC100E0F04F /* QuizAppTests.xctest */,
				C42ED61628647EC100E0F04F /* QuizAppUITests.xctest */,
			);
			name = Products;
			sourceTree = "<group>";
		};
		C42ED5F828647EBF00E0F04F /* QuizApp */ = {
			isa = PBXGroup;
			children = (
				C42ED5F928647EBF00E0F04F /* AppDelegate.swift */,
				C455AEF7286AEC91000D4C64 /* SceneDelegate.swift */,
				C455AEF32869F176000D4C64 /* QuestionViewController.swift */,
				C455AEF52869F1EB000D4C64 /* QuestionViewController.xib */,
				C455AEFB286AF123000D4C64 /* ResultsViewController.swift */,
				C455AEFD286AF159000D4C64 /* ResultsViewController.xib */,
				C455AF01286B0667000D4C64 /* CorrectAnswerCell.swift */,
				C455AF02286B0667000D4C64 /* CorrectAnswerCell.xib */,
				C455AF05286B08EB000D4C64 /* WrongAnswerCell.swift */,
				C455AF06286B08EB000D4C64 /* WrongAnswerCell.xib */,
				C455AF09286B0D08000D4C64 /* UITableViewExtension.swift */,
				C42ED60228647EC100E0F04F /* Assets.xcassets */,
				C42ED60428647EC100E0F04F /* LaunchScreen.storyboard */,
				C42ED60728647EC100E0F04F /* Info.plist */,
				C455AF0B286B0D4C000D4C64 /* PresentableAnswer.swift */,
				C4F29BBA286C5F9B004AE81A /* NavigationControllerRouter.swift */,
				C4F29BBE286C7DA9004AE81A /* Question.swift */,
				C4F29BC0286C85AC004AE81A /* ViewControllerFactory.swift */,
				C4F29BC4286C8621004AE81A /* iOSViewControllerFactory.swift */,
				C4F29BCA286C9C7E004AE81A /* ResultsPresenter.swift */,
				C48A6C742870792300347F82 /* QuestionPresenter.swift */,
			);
			path = QuizApp;
			sourceTree = "<group>";
		};
		C42ED60F28647EC100E0F04F /* QuizAppTests */ = {
			isa = PBXGroup;
			children = (
				C455AEF12869F107000D4C64 /* QuestionViewControllerTest.swift */,
				C455AEF9286AF0B1000D4C64 /* ResultsViewControllerTest.swift */,
				C455AEFF286B03F0000D4C64 /* TableViewHelpers.swift */,
				C4F29BB8286C5F25004AE81A /* NavigationControllerRouterTests.swift */,
				C4F29BBC286C7712004AE81A /* QuestionTest.swift */,
				C4F29BC2286C85CA004AE81A /* iOSViewControllerFactory.swift */,
				C4F29BC8286C9C10004AE81A /* ResultsHelper.swift */,
				C40B640F286CA0FC0091352F /* ResultsPresenterTest.swift */,
				C48A6C72287078CB00347F82 /* QuestionPresenterTests.swift */,
			);
			path = QuizAppTests;
			sourceTree = "<group>";
		};
		C42ED61928647EC100E0F04F /* QuizAppUITests */ = {
			isa = PBXGroup;
			children = (
				C42ED61A28647EC100E0F04F /* QuizAppUITests.swift */,
			);
			path = QuizAppUITests;
			sourceTree = "<group>";
		};
		C4F29BAC286C5EDA004AE81A /* Frameworks */ = {
			isa = PBXGroup;
			children = (
				C4F29BAD286C5EDA004AE81A /* QuizEngine.framework */,
			);
			name = Frameworks;
			sourceTree = "<group>";
		};
/* End PBXGroup section */

/* Begin PBXNativeTarget section */
		C42ED5F528647EBF00E0F04F /* QuizApp */ = {
			isa = PBXNativeTarget;
			buildConfigurationList = C42ED62028647EC100E0F04F /* Build configuration list for PBXNativeTarget "QuizApp" */;
			buildPhases = (
				C42ED5F228647EBF00E0F04F /* Sources */,
				C42ED5F328647EBF00E0F04F /* Frameworks */,
				C42ED5F428647EBF00E0F04F /* Resources */,
				C4F29BB0286C5EDA004AE81A /* Embed Frameworks */,
			);
			buildRules = (
			);
			dependencies = (
			);
			name = QuizApp;
			productName = QuizApp;
			productReference = C42ED5F628647EBF00E0F04F /* QuizApp.app */;
			productType = "com.apple.product-type.application";
		};
		C42ED60B28647EC100E0F04F /* QuizAppTests */ = {
			isa = PBXNativeTarget;
			buildConfigurationList = C42ED62328647EC100E0F04F /* Build configuration list for PBXNativeTarget "QuizAppTests" */;
			buildPhases = (
				C42ED60828647EC100E0F04F /* Sources */,
				C42ED60928647EC100E0F04F /* Frameworks */,
				C42ED60A28647EC100E0F04F /* Resources */,
			);
			buildRules = (
			);
			dependencies = (
				C42ED60E28647EC100E0F04F /* PBXTargetDependency */,
			);
			name = QuizAppTests;
			productName = QuizAppTests;
			productReference = C42ED60C28647EC100E0F04F /* QuizAppTests.xctest */;
			productType = "com.apple.product-type.bundle.unit-test";
		};
		C42ED61528647EC100E0F04F /* QuizAppUITests */ = {
			isa = PBXNativeTarget;
			buildConfigurationList = C42ED62628647EC100E0F04F /* Build configuration list for PBXNativeTarget "QuizAppUITests" */;
			buildPhases = (
				C42ED61228647EC100E0F04F /* Sources */,
				C42ED61328647EC100E0F04F /* Frameworks */,
				C42ED61428647EC100E0F04F /* Resources */,
			);
			buildRules = (
			);
			dependencies = (
				C42ED61828647EC100E0F04F /* PBXTargetDependency */,
			);
			name = QuizAppUITests;
			productName = QuizAppUITests;
			productReference = C42ED61628647EC100E0F04F /* QuizAppUITests.xctest */;
			productType = "com.apple.product-type.bundle.ui-testing";
		};
/* End PBXNativeTarget section */

/* Begin PBXProject section */
		C42ED5EE28647EBF00E0F04F /* Project object */ = {
			isa = PBXProject;
			attributes = {
				BuildIndependentTargetsInParallel = 1;
				LastSwiftUpdateCheck = 1340;
				LastUpgradeCheck = 1340;
				TargetAttributes = {
					C42ED5F528647EBF00E0F04F = {
						CreatedOnToolsVersion = 13.4;
					};
					C42ED60B28647EC100E0F04F = {
						CreatedOnToolsVersion = 13.4;
						TestTargetID = C42ED5F528647EBF00E0F04F;
					};
					C42ED61528647EC100E0F04F = {
						CreatedOnToolsVersion = 13.4;
						TestTargetID = C42ED5F528647EBF00E0F04F;
					};
				};
			};
			buildConfigurationList = C42ED5F128647EBF00E0F04F /* Build configuration list for PBXProject "QuizApp" */;
			compatibilityVersion = "Xcode 13.0";
			developmentRegion = en;
			hasScannedForEncodings = 0;
			knownRegions = (
				en,
				Base,
			);
			mainGroup = C42ED5ED28647EBF00E0F04F;
			productRefGroup = C42ED5F728647EBF00E0F04F /* Products */;
			projectDirPath = "";
			projectRoot = "";
			targets = (
				C42ED5F528647EBF00E0F04F /* QuizApp */,
				C42ED60B28647EC100E0F04F /* QuizAppTests */,
				C42ED61528647EC100E0F04F /* QuizAppUITests */,
			);
		};
/* End PBXProject section */

/* Begin PBXResourcesBuildPhase section */
		C42ED5F428647EBF00E0F04F /* Resources */ = {
			isa = PBXResourcesBuildPhase;
			buildActionMask = 2147483647;
			files = (
				C42ED60628647EC100E0F04F /* LaunchScreen.storyboard in Resources */,
				C455AF08286B08EB000D4C64 /* WrongAnswerCell.xib in Resources */,
				C42ED60328647EC100E0F04F /* Assets.xcassets in Resources */,
				C455AEF62869F1EB000D4C64 /* QuestionViewController.xib in Resources */,
				C455AF04286B0667000D4C64 /* CorrectAnswerCell.xib in Resources */,
				C455AEFE286AF159000D4C64 /* ResultsViewController.xib in Resources */,
			);
			runOnlyForDeploymentPostprocessing = 0;
		};
		C42ED60A28647EC100E0F04F /* Resources */ = {
			isa = PBXResourcesBuildPhase;
			buildActionMask = 2147483647;
			files = (
			);
			runOnlyForDeploymentPostprocessing = 0;
		};
		C42ED61428647EC100E0F04F /* Resources */ = {
			isa = PBXResourcesBuildPhase;
			buildActionMask = 2147483647;
			files = (
			);
			runOnlyForDeploymentPostprocessing = 0;
		};
/* End PBXResourcesBuildPhase section */

/* Begin PBXSourcesBuildPhase section */
		C42ED5F228647EBF00E0F04F /* Sources */ = {
			isa = PBXSourcesBuildPhase;
			buildActionMask = 2147483647;
			files = (
				C455AEF42869F176000D4C64 /* QuestionViewController.swift in Sources */,
				C42ED5FA28647EBF00E0F04F /* AppDelegate.swift in Sources */,
				C4F29BCB286C9C7E004AE81A /* ResultsPresenter.swift in Sources */,
				C455AF03286B0667000D4C64 /* CorrectAnswerCell.swift in Sources */,
				C455AF07286B08EB000D4C64 /* WrongAnswerCell.swift in Sources */,
				C455AEF8286AEC91000D4C64 /* SceneDelegate.swift in Sources */,
				C4F29BBF286C7DA9004AE81A /* Question.swift in Sources */,
				C455AEFC286AF123000D4C64 /* ResultsViewController.swift in Sources */,
				C48A6C752870792300347F82 /* QuestionPresenter.swift in Sources */,
				C4F29BC5286C8621004AE81A /* iOSViewControllerFactory.swift in Sources */,
				C4F29BBB286C5F9B004AE81A /* NavigationControllerRouter.swift in Sources */,
				C455AF0A286B0D08000D4C64 /* UITableViewExtension.swift in Sources */,
				C455AF0C286B0D4C000D4C64 /* PresentableAnswer.swift in Sources */,
				C4F29BC1286C85AC004AE81A /* ViewControllerFactory.swift in Sources */,
			);
			runOnlyForDeploymentPostprocessing = 0;
		};
		C42ED60828647EC100E0F04F /* Sources */ = {
			isa = PBXSourcesBuildPhase;
			buildActionMask = 2147483647;
			files = (
				C4F29BC9286C9C10004AE81A /* ResultsHelper.swift in Sources */,
				C455AEF22869F107000D4C64 /* QuestionViewControllerTest.swift in Sources */,
				C4F29BBD286C7712004AE81A /* QuestionTest.swift in Sources */,
				C4F29BB9286C5F26004AE81A /* NavigationControllerRouterTests.swift in Sources */,
				C4F29BC3286C85CA004AE81A /* iOSViewControllerFactory.swift in Sources */,
				C455AEFA286AF0B1000D4C64 /* ResultsViewControllerTest.swift in Sources */,
				C455AF00286B03F0000D4C64 /* TableViewHelpers.swift in Sources */,
				C48A6C73287078CB00347F82 /* QuestionPresenterTests.swift in Sources */,
				C40B6410286CA0FC0091352F /* ResultsPresenterTest.swift in Sources */,
			);
			runOnlyForDeploymentPostprocessing = 0;
		};
		C42ED61228647EC100E0F04F /* Sources */ = {
			isa = PBXSourcesBuildPhase;
			buildActionMask = 2147483647;
			files = (
				C42ED61B28647EC100E0F04F /* QuizAppUITests.swift in Sources */,
			);
			runOnlyForDeploymentPostprocessing = 0;
		};
/* End PBXSourcesBuildPhase section */

/* Begin PBXTargetDependency section */
		C42ED60E28647EC100E0F04F /* PBXTargetDependency */ = {
			isa = PBXTargetDependency;
			target = C42ED5F528647EBF00E0F04F /* QuizApp */;
			targetProxy = C42ED60D28647EC100E0F04F /* PBXContainerItemProxy */;
		};
		C42ED61828647EC100E0F04F /* PBXTargetDependency */ = {
			isa = PBXTargetDependency;
			target = C42ED5F528647EBF00E0F04F /* QuizApp */;
			targetProxy = C42ED61728647EC100E0F04F /* PBXContainerItemProxy */;
		};
/* End PBXTargetDependency section */

/* Begin PBXVariantGroup section */
		C42ED60428647EC100E0F04F /* LaunchScreen.storyboard */ = {
			isa = PBXVariantGroup;
			children = (
				C42ED60528647EC100E0F04F /* Base */,
			);
			name = LaunchScreen.storyboard;
			sourceTree = "<group>";
		};
/* End PBXVariantGroup section */

/* Begin XCBuildConfiguration section */
		C42ED61E28647EC100E0F04F /* Debug */ = {
			isa = XCBuildConfiguration;
			buildSettings = {
				ALWAYS_SEARCH_USER_PATHS = NO;
				CLANG_ANALYZER_NONNULL = YES;
				CLANG_ANALYZER_NUMBER_OBJECT_CONVERSION = YES_AGGRESSIVE;
				CLANG_CXX_LANGUAGE_STANDARD = "gnu++17";
				CLANG_ENABLE_MODULES = YES;
				CLANG_ENABLE_OBJC_ARC = YES;
				CLANG_ENABLE_OBJC_WEAK = YES;
				CLANG_WARN_BLOCK_CAPTURE_AUTORELEASING = YES;
				CLANG_WARN_BOOL_CONVERSION = YES;
				CLANG_WARN_COMMA = YES;
				CLANG_WARN_CONSTANT_CONVERSION = YES;
				CLANG_WARN_DEPRECATED_OBJC_IMPLEMENTATIONS = YES;
				CLANG_WARN_DIRECT_OBJC_ISA_USAGE = YES_ERROR;
				CLANG_WARN_DOCUMENTATION_COMMENTS = YES;
				CLANG_WARN_EMPTY_BODY = YES;
				CLANG_WARN_ENUM_CONVERSION = YES;
				CLANG_WARN_INFINITE_RECURSION = YES;
				CLANG_WARN_INT_CONVERSION = YES;
				CLANG_WARN_NON_LITERAL_NULL_CONVERSION = YES;
				CLANG_WARN_OBJC_IMPLICIT_RETAIN_SELF = YES;
				CLANG_WARN_OBJC_LITERAL_CONVERSION = YES;
				CLANG_WARN_OBJC_ROOT_CLASS = YES_ERROR;
				CLANG_WARN_QUOTED_INCLUDE_IN_FRAMEWORK_HEADER = YES;
				CLANG_WARN_RANGE_LOOP_ANALYSIS = YES;
				CLANG_WARN_STRICT_PROTOTYPES = YES;
				CLANG_WARN_SUSPICIOUS_MOVE = YES;
				CLANG_WARN_UNGUARDED_AVAILABILITY = YES_AGGRESSIVE;
				CLANG_WARN_UNREACHABLE_CODE = YES;
				CLANG_WARN__DUPLICATE_METHOD_MATCH = YES;
				COPY_PHASE_STRIP = NO;
				DEBUG_INFORMATION_FORMAT = dwarf;
				ENABLE_STRICT_OBJC_MSGSEND = YES;
				ENABLE_TESTABILITY = YES;
				GCC_C_LANGUAGE_STANDARD = gnu11;
				GCC_DYNAMIC_NO_PIC = NO;
				GCC_NO_COMMON_BLOCKS = YES;
				GCC_OPTIMIZATION_LEVEL = 0;
				GCC_PREPROCESSOR_DEFINITIONS = (
					"DEBUG=1",
					"$(inherited)",
				);
				GCC_WARN_64_TO_32_BIT_CONVERSION = YES;
				GCC_WARN_ABOUT_RETURN_TYPE = YES_ERROR;
				GCC_WARN_UNDECLARED_SELECTOR = YES;
				GCC_WARN_UNINITIALIZED_AUTOS = YES_AGGRESSIVE;
				GCC_WARN_UNUSED_FUNCTION = YES;
				GCC_WARN_UNUSED_VARIABLE = YES;
				IPHONEOS_DEPLOYMENT_TARGET = 15.5;
				MTL_ENABLE_DEBUG_INFO = INCLUDE_SOURCE;
				MTL_FAST_MATH = YES;
				ONLY_ACTIVE_ARCH = YES;
				SDKROOT = iphoneos;
				SWIFT_ACTIVE_COMPILATION_CONDITIONS = DEBUG;
				SWIFT_OPTIMIZATION_LEVEL = "-Onone";
			};
			name = Debug;
		};
		C42ED61F28647EC100E0F04F /* Release */ = {
			isa = XCBuildConfiguration;
			buildSettings = {
				ALWAYS_SEARCH_USER_PATHS = NO;
				CLANG_ANALYZER_NONNULL = YES;
				CLANG_ANALYZER_NUMBER_OBJECT_CONVERSION = YES_AGGRESSIVE;
				CLANG_CXX_LANGUAGE_STANDARD = "gnu++17";
				CLANG_ENABLE_MODULES = YES;
				CLANG_ENABLE_OBJC_ARC = YES;
				CLANG_ENABLE_OBJC_WEAK = YES;
				CLANG_WARN_BLOCK_CAPTURE_AUTORELEASING = YES;
				CLANG_WARN_BOOL_CONVERSION = YES;
				CLANG_WARN_COMMA = YES;
				CLANG_WARN_CONSTANT_CONVERSION = YES;
				CLANG_WARN_DEPRECATED_OBJC_IMPLEMENTATIONS = YES;
				CLANG_WARN_DIRECT_OBJC_ISA_USAGE = YES_ERROR;
				CLANG_WARN_DOCUMENTATION_COMMENTS = YES;
				CLANG_WARN_EMPTY_BODY = YES;
				CLANG_WARN_ENUM_CONVERSION = YES;
				CLANG_WARN_INFINITE_RECURSION = YES;
				CLANG_WARN_INT_CONVERSION = YES;
				CLANG_WARN_NON_LITERAL_NULL_CONVERSION = YES;
				CLANG_WARN_OBJC_IMPLICIT_RETAIN_SELF = YES;
				CLANG_WARN_OBJC_LITERAL_CONVERSION = YES;
				CLANG_WARN_OBJC_ROOT_CLASS = YES_ERROR;
				CLANG_WARN_QUOTED_INCLUDE_IN_FRAMEWORK_HEADER = YES;
				CLANG_WARN_RANGE_LOOP_ANALYSIS = YES;
				CLANG_WARN_STRICT_PROTOTYPES = YES;
				CLANG_WARN_SUSPICIOUS_MOVE = YES;
				CLANG_WARN_UNGUARDED_AVAILABILITY = YES_AGGRESSIVE;
				CLANG_WARN_UNREACHABLE_CODE = YES;
				CLANG_WARN__DUPLICATE_METHOD_MATCH = YES;
				COPY_PHASE_STRIP = NO;
				DEBUG_INFORMATION_FORMAT = "dwarf-with-dsym";
				ENABLE_NS_ASSERTIONS = NO;
				ENABLE_STRICT_OBJC_MSGSEND = YES;
				GCC_C_LANGUAGE_STANDARD = gnu11;
				GCC_NO_COMMON_BLOCKS = YES;
				GCC_WARN_64_TO_32_BIT_CONVERSION = YES;
				GCC_WARN_ABOUT_RETURN_TYPE = YES_ERROR;
				GCC_WARN_UNDECLARED_SELECTOR = YES;
				GCC_WARN_UNINITIALIZED_AUTOS = YES_AGGRESSIVE;
				GCC_WARN_UNUSED_FUNCTION = YES;
				GCC_WARN_UNUSED_VARIABLE = YES;
				IPHONEOS_DEPLOYMENT_TARGET = 15.5;
				MTL_ENABLE_DEBUG_INFO = NO;
				MTL_FAST_MATH = YES;
				SDKROOT = iphoneos;
				SWIFT_COMPILATION_MODE = wholemodule;
				SWIFT_OPTIMIZATION_LEVEL = "-O";
				VALIDATE_PRODUCT = YES;
			};
			name = Release;
		};
		C42ED62128647EC100E0F04F /* Debug */ = {
			isa = XCBuildConfiguration;
			buildSettings = {
				ASSETCATALOG_COMPILER_APPICON_NAME = AppIcon;
				ASSETCATALOG_COMPILER_GLOBAL_ACCENT_COLOR_NAME = AccentColor;
				CODE_SIGN_STYLE = Automatic;
				CURRENT_PROJECT_VERSION = 1;
				DEVELOPMENT_TEAM = 35W7TZ9DUM;
				GENERATE_INFOPLIST_FILE = YES;
				INFOPLIST_FILE = QuizApp/Info.plist;
				INFOPLIST_KEY_UIApplicationSupportsIndirectInputEvents = YES;
				INFOPLIST_KEY_UILaunchStoryboardName = LaunchScreen;
				INFOPLIST_KEY_UISupportedInterfaceOrientations_iPad = "UIInterfaceOrientationPortrait UIInterfaceOrientationPortraitUpsideDown UIInterfaceOrientationLandscapeLeft UIInterfaceOrientationLandscapeRight";
				INFOPLIST_KEY_UISupportedInterfaceOrientations_iPhone = "UIInterfaceOrientationPortrait UIInterfaceOrientationLandscapeLeft UIInterfaceOrientationLandscapeRight";
				LD_RUNPATH_SEARCH_PATHS = (
					"$(inherited)",
					"@executable_path/Frameworks",
				);
				MARKETING_VERSION = 1.0;
				PRODUCT_BUNDLE_IDENTIFIER = com.paigesoftware.QuizApp;
				PRODUCT_NAME = "$(TARGET_NAME)";
				SWIFT_EMIT_LOC_STRINGS = YES;
				SWIFT_VERSION = 5.0;
				TARGETED_DEVICE_FAMILY = "1,2";
			};
			name = Debug;
		};
		C42ED62228647EC100E0F04F /* Release */ = {
			isa = XCBuildConfiguration;
			buildSettings = {
				ASSETCATALOG_COMPILER_APPICON_NAME = AppIcon;
				ASSETCATALOG_COMPILER_GLOBAL_ACCENT_COLOR_NAME = AccentColor;
				CODE_SIGN_STYLE = Automatic;
				CURRENT_PROJECT_VERSION = 1;
				DEVELOPMENT_TEAM = 35W7TZ9DUM;
				GENERATE_INFOPLIST_FILE = YES;
				INFOPLIST_FILE = QuizApp/Info.plist;
				INFOPLIST_KEY_UIApplicationSupportsIndirectInputEvents = YES;
				INFOPLIST_KEY_UILaunchStoryboardName = LaunchScreen;
				INFOPLIST_KEY_UISupportedInterfaceOrientations_iPad = "UIInterfaceOrientationPortrait UIInterfaceOrientationPortraitUpsideDown UIInterfaceOrientationLandscapeLeft UIInterfaceOrientationLandscapeRight";
				INFOPLIST_KEY_UISupportedInterfaceOrientations_iPhone = "UIInterfaceOrientationPortrait UIInterfaceOrientationLandscapeLeft UIInterfaceOrientationLandscapeRight";
				LD_RUNPATH_SEARCH_PATHS = (
					"$(inherited)",
					"@executable_path/Frameworks",
				);
				MARKETING_VERSION = 1.0;
				PRODUCT_BUNDLE_IDENTIFIER = com.paigesoftware.QuizApp;
				PRODUCT_NAME = "$(TARGET_NAME)";
				SWIFT_EMIT_LOC_STRINGS = YES;
				SWIFT_VERSION = 5.0;
				TARGETED_DEVICE_FAMILY = "1,2";
			};
			name = Release;
		};
		C42ED62428647EC100E0F04F /* Debug */ = {
			isa = XCBuildConfiguration;
			buildSettings = {
				ALWAYS_EMBED_SWIFT_STANDARD_LIBRARIES = YES;
				BUNDLE_LOADER = "$(TEST_HOST)";
				CODE_SIGN_STYLE = Automatic;
				CURRENT_PROJECT_VERSION = 1;
				DEVELOPMENT_TEAM = 35W7TZ9DUM;
				GENERATE_INFOPLIST_FILE = YES;
				IPHONEOS_DEPLOYMENT_TARGET = 15.5;
				MARKETING_VERSION = 1.0;
				PRODUCT_BUNDLE_IDENTIFIER = com.paigesoftware.QuizAppTests;
				PRODUCT_NAME = "$(TARGET_NAME)";
				SWIFT_EMIT_LOC_STRINGS = NO;
				SWIFT_VERSION = 5.0;
				TARGETED_DEVICE_FAMILY = "1,2";
				TEST_HOST = "$(BUILT_PRODUCTS_DIR)/QuizApp.app/QuizApp";
			};
			name = Debug;
		};
		C42ED62528647EC100E0F04F /* Release */ = {
			isa = XCBuildConfiguration;
			buildSettings = {
				ALWAYS_EMBED_SWIFT_STANDARD_LIBRARIES = YES;
				BUNDLE_LOADER = "$(TEST_HOST)";
				CODE_SIGN_STYLE = Automatic;
				CURRENT_PROJECT_VERSION = 1;
				DEVELOPMENT_TEAM = 35W7TZ9DUM;
				GENERATE_INFOPLIST_FILE = YES;
				IPHONEOS_DEPLOYMENT_TARGET = 15.5;
				MARKETING_VERSION = 1.0;
				PRODUCT_BUNDLE_IDENTIFIER = com.paigesoftware.QuizAppTests;
				PRODUCT_NAME = "$(TARGET_NAME)";
				SWIFT_EMIT_LOC_STRINGS = NO;
				SWIFT_VERSION = 5.0;
				TARGETED_DEVICE_FAMILY = "1,2";
				TEST_HOST = "$(BUILT_PRODUCTS_DIR)/QuizApp.app/QuizApp";
			};
			name = Release;
		};
		C42ED62728647EC100E0F04F /* Debug */ = {
			isa = XCBuildConfiguration;
			buildSettings = {
				ALWAYS_EMBED_SWIFT_STANDARD_LIBRARIES = YES;
				CODE_SIGN_STYLE = Automatic;
				CURRENT_PROJECT_VERSION = 1;
				DEVELOPMENT_TEAM = 35W7TZ9DUM;
				GENERATE_INFOPLIST_FILE = YES;
				MARKETING_VERSION = 1.0;
				PRODUCT_BUNDLE_IDENTIFIER = com.paigesoftware.QuizAppUITests;
				PRODUCT_NAME = "$(TARGET_NAME)";
				SWIFT_EMIT_LOC_STRINGS = NO;
				SWIFT_VERSION = 5.0;
				TARGETED_DEVICE_FAMILY = "1,2";
				TEST_TARGET_NAME = QuizApp;
			};
			name = Debug;
		};
		C42ED62828647EC100E0F04F /* Release */ = {
			isa = XCBuildConfiguration;
			buildSettings = {
				ALWAYS_EMBED_SWIFT_STANDARD_LIBRARIES = YES;
				CODE_SIGN_STYLE = Automatic;
				CURRENT_PROJECT_VERSION = 1;
				DEVELOPMENT_TEAM = 35W7TZ9DUM;
				GENERATE_INFOPLIST_FILE = YES;
				MARKETING_VERSION = 1.0;
				PRODUCT_BUNDLE_IDENTIFIER = com.paigesoftware.QuizAppUITests;
				PRODUCT_NAME = "$(TARGET_NAME)";
				SWIFT_EMIT_LOC_STRINGS = NO;
				SWIFT_VERSION = 5.0;
				TARGETED_DEVICE_FAMILY = "1,2";
				TEST_TARGET_NAME = QuizApp;
			};
			name = Release;
		};
/* End XCBuildConfiguration section */

/* Begin XCConfigurationList section */
		C42ED5F128647EBF00E0F04F /* Build configuration list for PBXProject "QuizApp" */ = {
			isa = XCConfigurationList;
			buildConfigurations = (
				C42ED61E28647EC100E0F04F /* Debug */,
				C42ED61F28647EC100E0F04F /* Release */,
			);
			defaultConfigurationIsVisible = 0;
			defaultConfigurationName = Release;
		};
		C42ED62028647EC100E0F04F /* Build configuration list for PBXNativeTarget "QuizApp" */ = {
			isa = XCConfigurationList;
			buildConfigurations = (
				C42ED62128647EC100E0F04F /* Debug */,
				C42ED62228647EC100E0F04F /* Release */,
			);
			defaultConfigurationIsVisible = 0;
			defaultConfigurationName = Release;
		};
		C42ED62328647EC100E0F04F /* Build configuration list for PBXNativeTarget "QuizAppTests" */ = {
			isa = XCConfigurationList;
			buildConfigurations = (
				C42ED62428647EC100E0F04F /* Debug */,
				C42ED62528647EC100E0F04F /* Release */,
			);
			defaultConfigurationIsVisible = 0;
			defaultConfigurationName = Release;
		};
		C42ED62628647EC100E0F04F /* Build configuration list for PBXNativeTarget "QuizAppUITests" */ = {
			isa = XCConfigurationList;
			buildConfigurations = (
				C42ED62728647EC100E0F04F /* Debug */,
				C42ED62828647EC100E0F04F /* Release */,
			);
			defaultConfigurationIsVisible = 0;
			defaultConfigurationName = Release;
		};
/* End XCConfigurationList section */
	};
	rootObject = C42ED5EE28647EBF00E0F04F /* Project object */;
}
